
Microsoft Visual Studio Solution File, Format Version 12.00
# Visual Studio 2012
Project("{FAE04EC0-301F-11D3-BF4B-00C04F79EFBC}") = "munin-node Service", "munin-node Service\munin-node Service.csproj", "{38E61188-BB38-4277-AAAA-557005F37CD6}"
EndProject
Project("{2150E333-8FDC-42A3-9474-1A3956D46DE8}") = "Plugins", "Plugins", "{29E20CEB-2387-4C6A-A1A5-38115814B2AC}"
EndProject
Project("{FAE04EC0-301F-11D3-BF4B-00C04F79EFBC}") = "munin-node Standalone", "munin-node Standalone\munin-node Standalone.csproj", "{C5A9E187-3E64-405A-B8F7-C28E5FDABB48}"
EndProject
Project("{FAE04EC0-301F-11D3-BF4B-00C04F79EFBC}") = "ProcessPlugin", "Plugins\ProcessPlugin\ProcessPlugin.csproj", "{ED6BACA6-E1ED-41B6-99CD-F7A5D750BEE2}"
EndProject
Project("{FAE04EC0-301F-11D3-BF4B-00C04F79EFBC}") = "MemoryPlugin", "Plugins\MemoryPlugin\MemoryPlugin.csproj", "{F43D0175-6272-4AD5-9C1E-75053DE55D6B}"
EndProject
Project("{FAE04EC0-301F-11D3-BF4B-00C04F79EFBC}") = "DiskUsagePlugin", "Plugins\DiskUsagePlugin\DiskUsagePlugin.csproj", "{2DFA06F7-9FB8-4745-8B40-90D97D83F29F}"
EndProject
Project("{FAE04EC0-301F-11D3-BF4B-00C04F79EFBC}") = "DiskstatsPlugin", "Plugins\DiskstatsPlugin\DiskstatsPlugin.csproj", "{4C7CD2F6-3C53-4C70-9AA5-1F65100EE7D0}"
EndProject
Project("{FAE04EC0-301F-11D3-BF4B-00C04F79EFBC}") = "CpuPlugin", "Plugins\CpuPlugin\CpuPlugin.csproj", "{4FD69618-AEFD-478E-A225-181ECF818C8A}"
EndProject
Project("{FAE04EC0-301F-11D3-BF4B-00C04F79EFBC}") = "UptimePlugin", "Plugins\UptimePlugin\UptimePlugin.csproj", "{0F73AB96-4455-439A-848E-DFB60EA3D07C}"
EndProject
Project("{FAE04EC0-301F-11D3-BF4B-00C04F79EFBC}") = "NetworkPlugin", "Plugins\NetworkPlugin\NetworkPlugin.csproj", "{C6730032-80A7-4A07-BE7E-9E403B0FB2C9}"
EndProject
Global
	GlobalSection(SolutionConfigurationPlatforms) = preSolution
		Debug|Any CPU = Debug|Any CPU
		Release|Any CPU = Release|Any CPU
	EndGlobalSection
	GlobalSection(ProjectConfigurationPlatforms) = postSolution
		{38E61188-BB38-4277-AAAA-557005F37CD6}.Debug|Any CPU.ActiveCfg = Debug|Any CPU
		{38E61188-BB38-4277-AAAA-557005F37CD6}.Debug|Any CPU.Build.0 = Debug|Any CPU
		{38E61188-BB38-4277-AAAA-557005F37CD6}.Debug|Any CPU.Deploy.0 = Debug|Any CPU
		{38E61188-BB38-4277-AAAA-557005F37CD6}.Release|Any CPU.ActiveCfg = Release|Any CPU
		{38E61188-BB38-4277-AAAA-557005F37CD6}.Release|Any CPU.Build.0 = Release|Any CPU
		{C5A9E187-3E64-405A-B8F7-C28E5FDABB48}.Debug|Any CPU.ActiveCfg = Debug|Any CPU
		{C5A9E187-3E64-405A-B8F7-C28E5FDABB48}.Debug|Any CPU.Build.0 = Debug|Any CPU
		{C5A9E187-3E64-405A-B8F7-C28E5FDABB48}.Release|Any CPU.ActiveCfg = Release|Any CPU
		{C5A9E187-3E64-405A-B8F7-C28E5FDABB48}.Release|Any CPU.Build.0 = Release|Any CPU
		{ED6BACA6-E1ED-41B6-99CD-F7A5D750BEE2}.Debug|Any CPU.ActiveCfg = Debug|Any CPU
		{ED6BACA6-E1ED-41B6-99CD-F7A5D750BEE2}.Debug|Any CPU.Build.0 = Debug|Any CPU
		{ED6BACA6-E1ED-41B6-99CD-F7A5D750BEE2}.Release|Any CPU.ActiveCfg = Release|Any CPU
		{ED6BACA6-E1ED-41B6-99CD-F7A5D750BEE2}.Release|Any CPU.Build.0 = Release|Any CPU
		{F43D0175-6272-4AD5-9C1E-75053DE55D6B}.Debug|Any CPU.ActiveCfg = Debug|Any CPU
		{F43D0175-6272-4AD5-9C1E-75053DE55D6B}.Debug|Any CPU.Build.0 = Debug|Any CPU
		{F43D0175-6272-4AD5-9C1E-75053DE55D6B}.Release|Any CPU.ActiveCfg = Release|Any CPU
		{F43D0175-6272-4AD5-9C1E-75053DE55D6B}.Release|Any CPU.Build.0 = Release|Any CPU
		{2DFA06F7-9FB8-4745-8B40-90D97D83F29F}.Debug|Any CPU.ActiveCfg = Debug|Any CPU
		{2DFA06F7-9FB8-4745-8B40-90D97D83F29F}.Debug|Any CPU.Build.0 = Debug|Any CPU
		{2DFA06F7-9FB8-4745-8B40-90D97D83F29F}.Release|Any CPU.ActiveCfg = Release|Any CPU
		{2DFA06F7-9FB8-4745-8B40-90D97D83F29F}.Release|Any CPU.Build.0 = Release|Any CPU
		{4C7CD2F6-3C53-4C70-9AA5-1F65100EE7D0}.Debug|Any CPU.ActiveCfg = Debug|Any CPU
		{4C7CD2F6-3C53-4C70-9AA5-1F65100EE7D0}.Debug|Any CPU.Build.0 = Debug|Any CPU
		{4C7CD2F6-3C53-4C70-9AA5-1F65100EE7D0}.Release|Any CPU.ActiveCfg = Release|Any CPU
		{4C7CD2F6-3C53-4C70-9AA5-1F65100EE7D0}.Release|Any CPU.Build.0 = Release|Any CPU
		{4FD69618-AEFD-478E-A225-181ECF818C8A}.Debug|Any CPU.ActiveCfg = Debug|Any CPU
		{4FD69618-AEFD-478E-A225-181ECF818C8A}.Debug|Any CPU.Build.0 = Debug|Any CPU
		{4FD69618-AEFD-478E-A225-181ECF818C8A}.Release|Any CPU.ActiveCfg = Release|Any CPU
		{4FD69618-AEFD-478E-A225-181ECF818C8A}.Release|Any CPU.Build.0 = Release|Any CPU
		{0F73AB96-4455-439A-848E-DFB60EA3D07C}.Debug|Any CPU.ActiveCfg = Debug|Any CPU
		{0F73AB96-4455-439A-848E-DFB60EA3D07C}.Debug|Any CPU.Build.0 = Debug|Any CPU
		{0F73AB96-4455-439A-848E-DFB60EA3D07C}.Release|Any CPU.ActiveCfg = Release|Any CPU
		{0F73AB96-4455-439A-848E-DFB60EA3D07C}.Release|Any CPU.Build.0 = Release|Any CPU
		{C6730032-80A7-4A07-BE7E-9E403B0FB2C9}.Debug|Any CPU.ActiveCfg = Debug|Any CPU
		{C6730032-80A7-4A07-BE7E-9E403B0FB2C9}.Debug|Any CPU.Build.0 = Debug|Any CPU
		{C6730032-80A7-4A07-BE7E-9E403B0FB2C9}.Release|Any CPU.ActiveCfg = Release|Any CPU
		{C6730032-80A7-4A07-BE7E-9E403B0FB2C9}.Release|Any CPU.Build.0 = Release|Any CPU
	EndGlobalSection
	GlobalSection(SolutionProperties) = preSolution
		HideSolutionNode = FALSE
	EndGlobalSection
	GlobalSection(NestedProjects) = preSolution
		{ED6BACA6-E1ED-41B6-99CD-F7A5D750BEE2} = {29E20CEB-2387-4C6A-A1A5-38115814B2AC}
		{F43D0175-6272-4AD5-9C1E-75053DE55D6B} = {29E20CEB-2387-4C6A-A1A5-38115814B2AC}
		{2DFA06F7-9FB8-4745-8B40-90D97D83F29F} = {29E20CEB-2387-4C6A-A1A5-38115814B2AC}
		{4C7CD2F6-3C53-4C70-9AA5-1F65100EE7D0} = {29E20CEB-2387-4C6A-A1A5-38115814B2AC}
		{4FD69618-AEFD-478E-A225-181ECF818C8A} = {29E20CEB-2387-4C6A-A1A5-38115814B2AC}
		{0F73AB96-4455-439A-848E-DFB60EA3D07C} = {29E20CEB-2387-4C6A-A1A5-38115814B2AC}
		{C6730032-80A7-4A07-BE7E-9E403B0FB2C9} = {29E20CEB-2387-4C6A-A1A5-38115814B2AC}
	EndGlobalSection
EndGlobal
